{
  "name": "dcmjs",
  "version": "0.1.3",
  "lockfileVersion": 1,
  "requires": true,
  "dependencies": {
    "cornerstone-core": {
      "version": "1.1.4",
      "resolved": "https://registry.npmjs.org/cornerstone-core/-/cornerstone-core-1.1.4.tgz",
      "integrity": "sha1-zlUfG5US+TJdO5kVpDWvdAJL4Rw=",
      "dev": true
    },
    "cornerstone-math": {
      "version": "0.1.6",
      "resolved": "https://registry.npmjs.org/cornerstone-math/-/cornerstone-math-0.1.6.tgz",
      "integrity": "sha1-k7OtcvroFTg8zlGAryODZVAgDDo=",
      "dev": true
    },
    "cornerstone-tools": {
      "version": "1.1.3",
      "resolved": "https://registry.npmjs.org/cornerstone-tools/-/cornerstone-tools-1.1.3.tgz",
      "integrity": "sha512-xwWmbU9XGEpG3yjxB2uhB1rhX+sTOm1q//H7Vm1dYZP8FH6DZHlsN0aR+vVT6oog8zMIAQ0GhNUOMoUpwnMHOw==",
      "dev": true,
      "requires": {
        "cornerstone-math": "0.1.6"
      }
    },
    "cornerstone-wado-image-loader": {
      "version": "1.0.5",
      "resolved": "https://registry.npmjs.org/cornerstone-wado-image-loader/-/cornerstone-wado-image-loader-1.0.5.tgz",
      "integrity": "sha1-HfzF75k0YWRnkpU33n1bXZPuoOo=",
      "dev": true,
      "requires": {
        "dicom-parser": "1.7.6",
        "jquery": "3.3.1"
      }
    },
    "dicom-parser": {
      "version": "1.7.6",
      "resolved": "https://registry.npmjs.org/dicom-parser/-/dicom-parser-1.7.6.tgz",
      "integrity": "sha1-qxRTTBCWXr7ebYC8aKe3N0LkihA=",
      "dev": true
    },
    "hammerjs": {
      "version": "2.0.8",
      "resolved": "https://registry.npmjs.org/hammerjs/-/hammerjs-2.0.8.tgz",
      "integrity": "sha1-BO93hiz/K7edMPdpIJWTAiK/YPE=",
      "dev": true
    },
    "jquery": {
      "version": "3.3.1",
      "resolved": "https://registry.npmjs.org/jquery/-/jquery-3.3.1.tgz",
      "integrity": "sha512-Ubldcmxp5np52/ENotGxlLe6aGMvmF4R8S6tZjsP6Knsaxd/xp3Zrh50cG93lR6nPXyUFwzN3ZSOQI0wRJNdGg==",
      "dev": true
    },
    "rollup": {
      "version": "0.45.2",
      "resolved": "https://registry.npmjs.org/rollup/-/rollup-0.45.2.tgz",
      "integrity": "sha512-2+bq5GQSrocdhr+M92mOQRmF1evtLRzv9NdmEC2wo7BILvTG8irHCtD0q+zg8ikNu63iJicdN5IzyxAXRTFKOQ==",
      "dev": true,
      "requires": {
        "source-map-support": "0.4.15"
      }
    },
    "source-map": {
      "version": "0.5.6",
      "resolved": "https://registry.npmjs.org/source-map/-/source-map-0.5.6.tgz",
      "integrity": "sha1-dc449SvwczxafwwRjYEzSiu19BI=",
      "dev": true
    },
    "source-map-support": {
      "version": "0.4.15",
      "resolved": "https://registry.npmjs.org/source-map-support/-/source-map-support-0.4.15.tgz",
      "integrity": "sha1-AyAt9lwG0r2MfsI2KhkwVv7407E=",
      "dev": true,
      "requires": {
        "source-map": "0.5.6"
      }
    }
  }
}
